
Microsoft Visual Studio Solution File, Format Version 12.00
# Visual Studio Version 17
VisualStudioVersion = 17.9.34616.47
MinimumVisualStudioVersion = 10.0.40219.1
Project("{FAE04EC0-301F-11D3-BF4B-00C04F79EFBC}") = "Registration System", "Registration System\Registration System.csproj", "{7BC1A9AA-77E7-4D0C-B3F2-93B30FC65E9C}"
EndProject
Global
	GlobalSection(SolutionConfigurationPlatforms) = preSolution
		Debug|Any CPU = Debug|Any CPU
		Release|Any CPU = Release|Any CPU
	EndGlobalSection
	GlobalSection(ProjectConfigurationPlatforms) = postSolution
		{7BC1A9AA-77E7-4D0C-B3F2-93B30FC65E9C}.Debug|Any CPU.ActiveCfg = Debug|Any CPU
		{7BC1A9AA-77E7-4D0C-B3F2-93B30FC65E9C}.Debug|Any CPU.Build.0 = Debug|Any CPU
		{7BC1A9AA-77E7-4D0C-B3F2-93B30FC65E9C}.Release|Any CPU.ActiveCfg = Release|Any CPU
		{7BC1A9AA-77E7-4D0C-B3F2-93B30FC65E9C}.Release|Any CPU.Build.0 = Release|Any CPU
	EndGlobalSection
	GlobalSection(SolutionProperties) = preSolution
		HideSolutionNode = FALSE
	EndGlobalSection
	GlobalSection(ExtensibilityGlobals) = postSolution
		SolutionGuid = {B867B943-A7DF-490C-AEB1-947AA56952D7}
	EndGlobalSection
EndGlobal
